<?xml version="1.0" encoding="utf-8"?>
<Project ToolsVersion="4.0" xmlns="http://schemas.microsoft.com/developer/msbuild/2003">
  <ItemGroup>
    <Filter Include="Source Files">
      <UniqueIdentifier>{4FC737F1-C7A5-4376-A066-2A32D752A2FF}</UniqueIdentifier>
      <Extensions>cpp;c;cc;cxx;c++;cppm;ixx;def;odl;idl;hpj;bat;asm;asmx</Extensions>
    </Filter>
    <Filter Include="Header Files">
      <UniqueIdentifier>{93995380-89BD-4b04-88EB-625FBE52EBFB}</UniqueIdentifier>
      <Extensions>h;hh;hpp;hxx;h++;hm;inl;inc;ipp;xsd</Extensions>
    </Filter>
    <Filter Include="Resource Files">
      <UniqueIdentifier>{67DA6AB6-F800-4c08-8B7A-83BB121AAD01}</UniqueIdentifier>
      <Extensions>rc;ico;cur;bmp;dlg;rc2;rct;bin;rgs;gif;jpg;jpeg;jpe;resx;tiff;tif;png;wav;mfcribbon-ms</Extensions>
    </Filter>
    <Filter Include="Source Files\src">
      <UniqueIdentifier>{3c2d1a83-94e7-48e6-a91d-0c4b42ba4eb0}</UniqueIdentifier>
    </Filter>
    <Filter Include="Source Files\src\menus">
      <UniqueIdentifier>{570f38f1-68b8-4e5c-b864-3b2dcbe7afe8}</UniqueIdentifier>
    </Filter>
    <Filter Include="Source Files\src\patterns">
      <UniqueIdentifier>{40ed0aa7-2772-449b-9ace-c26a19d0937b}</UniqueIdentifier>
    </Filter>
    <Filter Include="Header Files\src">
      <UniqueIdentifier>{d9ca222a-dfc0-4003-b9e7-8c9bd8e5e98c}</UniqueIdentifier>
    </Filter>
    <Filter Include="Header Files\src\menus">
      <UniqueIdentifier>{8035a6b8-0a27-459c-b23f-9a9ed1720ac7}</UniqueIdentifier>
    </Filter>
    <Filter Include="Header Files\src\patterns">
      <UniqueIdentifier>{267b3904-eb2a-4a02-8872-088d8377618b}</UniqueIdentifier>
    </Filter>
    <Filter Include="Header Files\src\patterns\single">
      <UniqueIdentifier>{550afc4b-e979-4dbd-9ee0-64dc55cf039d}</UniqueIdentifier>
    </Filter>
    <Filter Include="Header Files\src\patterns\multi">
      <UniqueIdentifier>{5a61d7e0-56a0-4f6e-a757-b096ba30b834}</UniqueIdentifier>
    </Filter>
    <Filter Include="Source Files\src\patterns\single">
      <UniqueIdentifier>{5ba2bb47-b3fa-4004-8739-b99150fdee4d}</UniqueIdentifier>
    </Filter>
    <Filter Include="Source Files\src\patterns\multi">
      <UniqueIdentifier>{7944d8fd-d0ea-416a-834d-7147aaf5fef3}</UniqueIdentifier>
    </Filter>
  </ItemGroup>
  <ItemGroup>
    <ClCompile Include="WinMain.cpp">
      <Filter>Source Files</Filter>
    </ClCompile>
    <ClCompile Include="VortexFramework\VortexFramework\src\Button.cpp">
      <Filter>Source Files\src</Filter>
    </ClCompile>
    <ClCompile Include="VortexFramework\VortexFramework\src\Colorset.cpp">
      <Filter>Source Files\src</Filter>
    </ClCompile>
    <ClCompile Include="VortexFramework\VortexFramework\src\ColorTypes.cpp">
      <Filter>Source Files\src</Filter>
    </ClCompile>
    <ClCompile Include="VortexFramework\VortexFramework\src\Leds.cpp">
      <Filter>Source Files\src</Filter>
    </ClCompile>
    <ClCompile Include="VortexFramework\VortexFramework\src\Mode.cpp">
      <Filter>Source Files\src</Filter>
    </ClCompile>
    <ClCompile Include="VortexFramework\VortexFramework\src\ModeBuilder.cpp">
      <Filter>Source Files\src</Filter>
    </ClCompile>
    <ClCompile Include="VortexFramework\VortexFramework\src\TimeControl.cpp">
      <Filter>Source Files\src</Filter>
    </ClCompile>
    <ClCompile Include="VortexFramework\VortexFramework\src\menus\GlobalBrightness.cpp">
      <Filter>Source Files\src\menus</Filter>
    </ClCompile>
    <ClCompile Include="VortexFramework\VortexFramework\src\menus\FactoryReset.cpp">
      <Filter>Source Files\src\menus</Filter>
    </ClCompile>
    <ClCompile Include="VortexFramework\VortexFramework\src\menus\ColorSelect.cpp">
      <Filter>Source Files\src\menus</Filter>
    </ClCompile>
    <ClCompile Include="VortexFramework\VortexFramework\src\menus\ModeSharing.cpp">
      <Filter>Source Files\src\menus</Filter>
    </ClCompile>
    <ClCompile Include="VortexFramework\VortexFramework\src\menus\Randomizer.cpp">
      <Filter>Source Files\src\menus</Filter>
    </ClCompile>
    <ClCompile Include="VortexFramework\VortexFramework\src\menus\PatternSelect.cpp">
      <Filter>Source Files\src\menus</Filter>
    </ClCompile>
    <ClCompile Include="VortexFramework\VortexFramework\src\patterns\Pattern.cpp">
      <Filter>Source Files\src\patterns</Filter>
    </ClCompile>
    <ClCompile Include="VortexFramework\VortexFramework\src\patterns\PatternFuncs.cpp">
      <Filter>Source Files\src\patterns</Filter>
    </ClCompile>
    <ClCompile Include="VortexFramework\VortexFramework\src\menus\Menu.cpp">
      <Filter>Source Files\src\menus</Filter>
    </ClCompile>
    <ClCompile Include="Arduino.cpp">
      <Filter>Source Files</Filter>
    </ClCompile>
    <ClCompile Include="FastLED.cpp">
      <Filter>Source Files</Filter>
    </ClCompile>
    <ClCompile Include="TestFramework.cpp">
      <Filter>Source Files</Filter>
    </ClCompile>
    <ClCompile Include="VortexFramework\VortexFramework\src\Log.cpp">
      <Filter>Source Files\src</Filter>
    </ClCompile>
    <ClCompile Include="VortexFramework\VortexFramework\src\PatternBuilder.cpp">
      <Filter>Source Files\src</Filter>
    </ClCompile>
    <ClCompile Include="VortexFramework\VortexFramework\src\Buttons.cpp">
      <Filter>Source Files\src</Filter>
    </ClCompile>
    <ClCompile Include="VortexFramework\VortexFramework\src\Menus.cpp">
      <Filter>Source Files\src</Filter>
    </ClCompile>
    <ClCompile Include="VortexFramework\VortexFramework\src\Timer.cpp">
      <Filter>Source Files\src</Filter>
    </ClCompile>
    <ClCompile Include="VortexFramework\VortexFramework\src\Modes.cpp">
      <Filter>Source Files\src</Filter>
    </ClCompile>
    <ClCompile Include="FlashStorage.cpp">
      <Filter>Source Files</Filter>
    </ClCompile>
    <ClCompile Include="VortexFramework\VortexFramework\src\VortexFramework.cpp">
      <Filter>Source Files\src</Filter>
    </ClCompile>
    <ClCompile Include="VortexFramework\VortexFramework\src\Memory.cpp">
      <Filter>Source Files\src</Filter>
    </ClCompile>
    <ClCompile Include="VortexFramework\VortexFramework\src\SerialBuffer.cpp">
      <Filter>Source Files\src</Filter>
    </ClCompile>
    <ClCompile Include="VortexFramework\VortexFramework\src\Storage.cpp">
      <Filter>Source Files\src</Filter>
    </ClCompile>
    <ClCompile Include="VortexFramework\VortexFramework\src\Infrared.cpp">
      <Filter>Source Files\src</Filter>
    </ClCompile>
    <ClCompile Include="VortexFramework\VortexFramework\src\patterns\single\AdvancedPattern.cpp">
      <Filter>Source Files\src\patterns\single</Filter>
    </ClCompile>
    <ClCompile Include="VortexFramework\VortexFramework\src\patterns\single\BasicPattern.cpp">
      <Filter>Source Files\src\patterns\single</Filter>
    </ClCompile>
    <ClCompile Include="VortexFramework\VortexFramework\src\patterns\multi\HybridPattern.cpp">
      <Filter>Source Files\src\patterns\multi</Filter>
    </ClCompile>
    <ClCompile Include="VortexFramework\VortexFramework\src\patterns\multi\HueShiftPattern.cpp">
      <Filter>Source Files\src\patterns\multi</Filter>
    </ClCompile>
    <ClCompile Include="VortexFramework\VortexFramework\src\patterns\multi\MultiLedPattern.cpp">
      <Filter>Source Files\src\patterns\multi</Filter>
    </ClCompile>
    <ClCompile Include="VortexFramework\VortexFramework\src\patterns\multi\RabbitPattern.cpp">
      <Filter>Source Files\src\patterns\multi</Filter>
    </ClCompile>
    <ClCompile Include="VortexFramework\VortexFramework\src\patterns\single\TracerPattern.cpp">
      <Filter>Source Files\src\patterns\single</Filter>
    </ClCompile>
    <ClCompile Include="VortexFramework\VortexFramework\src\patterns\single\SingleLedPattern.cpp">
      <Filter>Source Files\src\patterns\single</Filter>
    </ClCompile>
    <ClCompile Include="VortexFramework\VortexFramework\src\patterns\single\BlendPattern.cpp">
      <Filter>Source Files\src\patterns\single</Filter>
    </ClCompile>
    <ClCompile Include="VortexFramework\VortexFramework\src\BitStream.cpp">
      <Filter>Source Files</Filter>
    </ClCompile>
    <ClCompile Include="VortexFramework\VortexFramework\src\patterns\single\BracketsPattern.cpp">
      <Filter>Source Files</Filter>
    </ClCompile>
  </ItemGroup>
  <ItemGroup>
    <ClInclude Include="VortexFramework\VortexFramework\src\patterns\Pattern.h">
      <Filter>Header Files\src\patterns</Filter>
    </ClInclude>
    <ClInclude Include="VortexFramework\VortexFramework\src\menus\FactoryReset.h">
      <Filter>Header Files\src\menus</Filter>
    </ClInclude>
    <ClInclude Include="VortexFramework\VortexFramework\src\menus\ColorSelect.h">
      <Filter>Header Files\src\menus</Filter>
    </ClInclude>
    <ClInclude Include="VortexFramework\VortexFramework\src\menus\GlobalBrightness.h">
      <Filter>Header Files\src\menus</Filter>
    </ClInclude>
    <ClInclude Include="VortexFramework\VortexFramework\src\menus\ModeSharing.h">
      <Filter>Header Files\src\menus</Filter>
    </ClInclude>
    <ClInclude Include="VortexFramework\VortexFramework\src\menus\Randomizer.h">
      <Filter>Header Files\src\menus</Filter>
    </ClInclude>
    <ClInclude Include="VortexFramework\VortexFramework\src\menus\Menu.h">
      <Filter>Header Files\src\menus</Filter>
    </ClInclude>
    <ClInclude Include="VortexFramework\VortexFramework\src\Button.h">
      <Filter>Header Files\src</Filter>
    </ClInclude>
    <ClInclude Include="VortexFramework\VortexFramework\src\Colorset.h">
      <Filter>Header Files\src</Filter>
    </ClInclude>
    <ClInclude Include="VortexFramework\VortexFramework\src\ColorTypes.h">
      <Filter>Header Files\src</Filter>
    </ClInclude>
    <ClInclude Include="VortexFramework\VortexFramework\src\LedConfig.h">
      <Filter>Header Files\src</Filter>
    </ClInclude>
    <ClInclude Include="VortexFramework\VortexFramework\src\Leds.h">
      <Filter>Header Files\src</Filter>
    </ClInclude>
    <ClInclude Include="VortexFramework\VortexFramework\src\Mode.h">
      <Filter>Header Files\src</Filter>
    </ClInclude>
    <ClInclude Include="VortexFramework\VortexFramework\src\ModeBuilder.h">
      <Filter>Header Files\src</Filter>
    </ClInclude>
    <ClInclude Include="VortexFramework\VortexFramework\src\TimeControl.h">
      <Filter>Header Files\src</Filter>
    </ClInclude>
    <ClInclude Include="Arduino.h">
      <Filter>Header Files</Filter>
    </ClInclude>
    <ClInclude Include="FastLED.h">
      <Filter>Header Files</Filter>
    </ClInclude>
    <ClInclude Include="Adafruit_Dotstar.h">
      <Filter>Header Files</Filter>
    </ClInclude>
    <ClInclude Include="TestFramework.h">
      <Filter>Header Files</Filter>
    </ClInclude>
    <ClInclude Include="VortexFramework\VortexFramework\src\Log.h">
      <Filter>Header Files\src</Filter>
    </ClInclude>
    <ClInclude Include="VortexFramework\VortexFramework\src\menus\PatternSelect.h">
      <Filter>Header Files\src\menus</Filter>
    </ClInclude>
    <ClInclude Include="VortexFramework\VortexFramework\src\Patterns.h">
      <Filter>Header Files\src</Filter>
    </ClInclude>
    <ClInclude Include="VortexFramework\VortexFramework\src\PatternBuilder.h">
      <Filter>Header Files\src</Filter>
    </ClInclude>
    <ClInclude Include="VortexFramework\VortexFramework\src\Timings.h">
      <Filter>Header Files\src</Filter>
    </ClInclude>
    <ClInclude Include="VortexFramework\VortexFramework\src\Buttons.h">
      <Filter>Header Files\src</Filter>
    </ClInclude>
    <ClInclude Include="VortexFramework\VortexFramework\src\Menus.h">
      <Filter>Header Files\src</Filter>
    </ClInclude>
    <ClInclude Include="VortexFramework\VortexFramework\src\Modes.h">
      <Filter>Header Files\src</Filter>
    </ClInclude>
    <ClInclude Include="VortexFramework\VortexFramework\src\Timer.h">
      <Filter>Header Files\src</Filter>
    </ClInclude>
    <ClInclude Include="VortexFramework\VortexFramework\src\VortexFramework.h">
      <Filter>Header Files\src</Filter>
    </ClInclude>
    <ClInclude Include="IRLib_P01_NEC.h">
      <Filter>Header Files</Filter>
    </ClInclude>
    <ClInclude Include="IRLibCombo.h">
      <Filter>Header Files</Filter>
    </ClInclude>
    <ClInclude Include="IRLibDecodeBase.h">
      <Filter>Header Files</Filter>
    </ClInclude>
    <ClInclude Include="IRLibRecv.h">
      <Filter>Header Files</Filter>
    </ClInclude>
    <ClInclude Include="IRLibSendBase.h">
      <Filter>Header Files</Filter>
    </ClInclude>
    <ClInclude Include="VortexFramework\VortexFramework\src\Memory.h">
      <Filter>Header Files\src</Filter>
    </ClInclude>
    <ClInclude Include="FlashStorage.h">
      <Filter>Header Files\src</Filter>
    </ClInclude>
    <ClInclude Include="VortexFramework\VortexFramework\src\Infrared.h">
      <Filter>Header Files\src</Filter>
    </ClInclude>
    <ClInclude Include="VortexFramework\VortexFramework\src\SerialBuffer.h">
      <Filter>Header Files\src</Filter>
    </ClInclude>
    <ClInclude Include="VortexFramework\VortexFramework\src\Storage.h">
      <Filter>Header Files\src</Filter>
    </ClInclude>
    <ClInclude Include="IRLibRecvLoop.h">
      <Filter>Header Files</Filter>
    </ClInclude>
    <ClInclude Include="VortexFramework\VortexFramework\src\patterns\single\SingleLedPattern.h">
      <Filter>Header Files\src\patterns\single</Filter>
    </ClInclude>
    <ClInclude Include="VortexFramework\VortexFramework\src\patterns\single\TracerPattern.h">
      <Filter>Header Files\src\patterns\single</Filter>
    </ClInclude>
    <ClInclude Include="VortexFramework\VortexFramework\src\patterns\single\BasicPattern.h">
      <Filter>Header Files\src\patterns\single</Filter>
    </ClInclude>
    <ClInclude Include="VortexFramework\VortexFramework\src\patterns\single\AdvancedPattern.h">
      <Filter>Header Files\src\patterns\single</Filter>
    </ClInclude>
    <ClInclude Include="VortexFramework\VortexFramework\src\patterns\multi\HueShiftPattern.h">
      <Filter>Header Files\src\patterns\multi</Filter>
    </ClInclude>
    <ClInclude Include="VortexFramework\VortexFramework\src\patterns\multi\HybridPattern.h">
      <Filter>Header Files\src\patterns\multi</Filter>
    </ClInclude>
    <ClInclude Include="VortexFramework\VortexFramework\src\patterns\multi\MultiLedPattern.h">
      <Filter>Header Files\src\patterns\multi</Filter>
    </ClInclude>
    <ClInclude Include="VortexFramework\VortexFramework\src\patterns\multi\RabbitPattern.h">
      <Filter>Header Files\src\patterns\multi</Filter>
    </ClInclude>
    <ClInclude Include="VortexFramework\VortexFramework\src\patterns\single\BlendPattern.h">
      <Filter>Header Files\src\patterns\single</Filter>
    </ClInclude>
    <ClInclude Include="VortexFramework\VortexFramework\src\BitStream.h">
      <Filter>Header Files</Filter>
    </ClInclude>
    <ClInclude Include="VortexFramework\VortexFramework\src\patterns\single\BracketsPattern.h">
      <Filter>Header Files</Filter>
    </ClInclude>
  </ItemGroup>
</Project>